
Microsoft Visual Studio Solution File, Format Version 12.00
# Visual Studio Version 16
VisualStudioVersion = 16.0.31702.278
MinimumVisualStudioVersion = 10.0.40219.1
Project("{9A19103F-16F7-4668-BE54-9A1E7A4F7556}") = "WebAPIDesktop", "WebAPIDesktop\WebAPIDesktop.csproj", "{B41438BB-3B53-48BF-B11B-1314E23897B7}"
EndProject
Global
	GlobalSection(SolutionConfigurationPlatforms) = preSolution
		Debug|Any CPU = Debug|Any CPU
		Release|Any CPU = Release|Any CPU
	EndGlobalSection
	GlobalSection(ProjectConfigurationPlatforms) = postSolution
		{B41438BB-3B53-48BF-B11B-1314E23897B7}.Debug|Any CPU.ActiveCfg = Debug|Any CPU
		{B41438BB-3B53-48BF-B11B-1314E23897B7}.Debug|Any CPU.Build.0 = Debug|Any CPU
		{B41438BB-3B53-48BF-B11B-1314E23897B7}.Release|Any CPU.ActiveCfg = Release|Any CPU
		{B41438BB-3B53-48BF-B11B-1314E23897B7}.Release|Any CPU.Build.0 = Release|Any CPU
	EndGlobalSection
	GlobalSection(SolutionProperties) = preSolution
		HideSolutionNode = FALSE
	EndGlobalSection
	GlobalSection(ExtensibilityGlobals) = postSolution
		SolutionGuid = {E1B7310B-40EE-417C-8232-38F71C8D0553}
	EndGlobalSection
EndGlobal
