
Microsoft Visual Studio Solution File, Format Version 12.00
# Visual Studio Version 16
VisualStudioVersion = 16.0.31729.503
MinimumVisualStudioVersion = 10.0.40219.1
Project("{9A19103F-16F7-4668-BE54-9A1E7A4F7556}") = "PreparationParser", "PreparationParser\PreparationParser.csproj", "{B43EA51E-5E0B-4DC2-9A0D-20784317EBCE}"
EndProject
Project("{FAE04EC0-301F-11D3-BF4B-00C04F79EFBC}") = "DataAccessBrightspace", "DataAccessBrightspace\DataAccessBrightspace.csproj", "{7762E84A-A0FE-4CD5-9DCA-CACD1AF13F49}"
EndProject
Global
	GlobalSection(SolutionConfigurationPlatforms) = preSolution
		Debug|Any CPU = Debug|Any CPU
		Release|Any CPU = Release|Any CPU
	EndGlobalSection
	GlobalSection(ProjectConfigurationPlatforms) = postSolution
		{B43EA51E-5E0B-4DC2-9A0D-20784317EBCE}.Debug|Any CPU.ActiveCfg = Debug|Any CPU
		{B43EA51E-5E0B-4DC2-9A0D-20784317EBCE}.Debug|Any CPU.Build.0 = Debug|Any CPU
		{B43EA51E-5E0B-4DC2-9A0D-20784317EBCE}.Release|Any CPU.ActiveCfg = Release|Any CPU
		{B43EA51E-5E0B-4DC2-9A0D-20784317EBCE}.Release|Any CPU.Build.0 = Release|Any CPU
		{7762E84A-A0FE-4CD5-9DCA-CACD1AF13F49}.Debug|Any CPU.ActiveCfg = Debug|Any CPU
		{7762E84A-A0FE-4CD5-9DCA-CACD1AF13F49}.Debug|Any CPU.Build.0 = Debug|Any CPU
		{7762E84A-A0FE-4CD5-9DCA-CACD1AF13F49}.Release|Any CPU.ActiveCfg = Release|Any CPU
		{7762E84A-A0FE-4CD5-9DCA-CACD1AF13F49}.Release|Any CPU.Build.0 = Release|Any CPU
	EndGlobalSection
	GlobalSection(SolutionProperties) = preSolution
		HideSolutionNode = FALSE
	EndGlobalSection
	GlobalSection(ExtensibilityGlobals) = postSolution
		SolutionGuid = {0BF4221D-977C-4326-B5DE-3F2B1B5CEC69}
	EndGlobalSection
EndGlobal
